{
  "name": "three-demo",
  "version": "1.0.0",
  "lockfileVersion": 1,
  "requires": true,
  "dependencies": {
    "@babel/parser": {
      "version": "7.18.4",
      "resolved": "http://npm.wemomo.com/@babel%2fparser/-/parser-7.18.4.tgz",
      "integrity": "sha512-FDge0dFazETFcxGw/EXzOkN8uJp0PC7Qbm+Pe9T+av2zlBpOgunFHkQPPn+eRuClU73JF+98D531UgayY89tow=="
    },
    "@types/dat.gui": {
      "version": "0.7.7",
      "resolved": "http://npm.wemomo.com/@types%2fdat.gui/-/dat.gui-0.7.7.tgz",
      "integrity": "sha1-ISWu36oZA2TFpQsER4WKfhWa6i4=",
      "dev": true
    },
    "@types/node": {
      "version": "17.0.36",
      "resolved": "http://npm.wemomo.com/@types%2fnode/-/node-17.0.36.tgz",
      "integrity": "sha512-V3orv+ggDsWVHP99K3JlwtH20R7J4IhI1Kksgc+64q5VxgfRkQG8Ws3MFm/FZOKDYGy9feGFlZ70/HpCNe9QaA==",
      "dev": true
    },
    "@types/offscreencanvas": {
      "version": "2019.7.0",
      "resolved": "http://npm.wemomo.com/@types%2foffscreencanvas/-/offscreencanvas-2019.7.0.tgz",
      "integrity": "sha512-PGcyveRIpL1XIqK8eBsmRBt76eFgtzuPiSTyKHZxnGemp2yzGzWpjYKAfK3wIMiU7eH+851yEpiuP8JZerTmWg=="
    },
    "@types/three": {
      "version": "0.141.0",
      "resolved": "http://npm.wemomo.com/@types%2fthree/-/three-0.141.0.tgz",
      "integrity": "sha512-OJdKDgTPVBUgc+s74DYoy4aLznbFFC38Xm4ElmU1YwGNgR7GGFVvFCX7lpVgOsT6S1zSJtGdajTsOYE8/xY9nA==",
      "dev": true,
      "requires": {
        "@types/webxr": "*"
      }
    },
    "@types/webxr": {
      "version": "0.5.0",
      "resolved": "http://npm.wemomo.com/@types%2fwebxr/-/webxr-0.5.0.tgz",
      "integrity": "sha512-IUMDPSXnYIbEO2IereEFcgcqfDREOgmbGqtrMpVPpACTU6pltYLwHgVkrnYv0XhWEcjio9sYEfIEzgn3c7nDqA==",
      "dev": true
    },
    "@volar/code-gen": {
      "version": "0.33.9",
      "resolved": "http://npm.wemomo.com/@volar%2fcode-gen/-/code-gen-0.33.9.tgz",
      "integrity": "sha512-HI+XemEjvOv9uSjqaNXIL1brSTaBy9vRTcXqz9787nL5VKktI8aU1Zk4w9yJR88eTqw7mlPIdMaib7Ps/QPq8Q==",
      "requires": {
        "@volar/source-map": "0.33.9"
      }
    },
    "@volar/pug-language-service": {
      "version": "0.33.9",
      "resolved": "http://npm.wemomo.com/@volar%2fpug-language-service/-/pug-language-service-0.33.9.tgz",
      "integrity": "sha512-3oOV0HmoqkCyPAiHXSMoDzbLrSEQQv3d1dY/Lfo4H8hGoS8kUYJ958328TuLFc90yzsSmYnuvIux5AUok138pg==",
      "requires": {
        "@volar/code-gen": "0.33.9",
        "@volar/shared": "0.33.9",
        "@volar/source-map": "0.33.9",
        "@volar/transforms": "0.33.9",
        "pug-lexer": "^5.0.1",
        "pug-parser": "^6.0.0",
        "vscode-languageserver-textdocument": "^1.0.3",
        "vscode-languageserver-types": "^3.17.0-next.6"
      }
    },
    "@volar/shared": {
      "version": "0.33.9",
      "resolved": "http://npm.wemomo.com/@volar%2fshared/-/shared-0.33.9.tgz",
      "integrity": "sha512-YqEBYT1SjyO+/W73lyKZlftumimsrYGvd98pHrIyvgc6HNhFnCcthRbyHskstjU6P8Bgj90mRl+7Sb29J+Z5ng==",
      "requires": {
        "upath": "^2.0.1",
        "vscode-jsonrpc": "^8.0.0-next.5",
        "vscode-uri": "^3.0.3"
      }
    },
    "@volar/source-map": {
      "version": "0.33.9",
      "resolved": "http://npm.wemomo.com/@volar%2fsource-map/-/source-map-0.33.9.tgz",
      "integrity": "sha512-SE7dfumZ8pLsbj4DtiSDTg2/d/JT45nF51rUnuz1UNSBPEeXBexlzvz5EQ2AyrX0FjAAd2ijrRtirTk1a0SFhQ=="
    },
    "@volar/transforms": {
      "version": "0.33.9",
      "resolved": "http://npm.wemomo.com/@volar%2ftransforms/-/transforms-0.33.9.tgz",
      "integrity": "sha512-qdc2d0ZW/G6jCx1pBmoMjMJTY245pZJjpPL/OCT3zgbDLGvLvqhowXxQYQd2YiNXqxJvbadEKviH5LiZL3sU9g==",
      "requires": {
        "@volar/shared": "0.33.9",
        "vscode-languageserver-types": "^3.17.0-next.6"
      }
    },
    "@volar/vue-code-gen": {
      "version": "0.33.9",
      "resolved": "http://npm.wemomo.com/@volar%2fvue-code-gen/-/vue-code-gen-0.33.9.tgz",
      "integrity": "sha512-qRCXcBhm1kUlI06sW5zolavn8gqZdSC2eIWw7jgbW68K/cGlTyXHGGZgJPM9P22cF9pcrjV1ByehO18ke2u+aA==",
      "requires": {
        "@volar/code-gen": "0.33.9",
        "@volar/source-map": "0.33.9",
        "@vue/compiler-core": "^3.2.27",
        "@vue/compiler-dom": "^3.2.27",
        "@vue/shared": "^3.2.27"
      }
    },
    "@volar/vue-typescript": {
      "version": "0.33.9",
      "resolved": "http://npm.wemomo.com/@volar%2fvue-typescript/-/vue-typescript-0.33.9.tgz",
      "integrity": "sha512-UUViaQfzAV7z49TB+IsGCT6ls7zdEUib2N0L4k8U9nZbd2BQA4kcR9nyS/8oDOU5fK3ErP+pPlC+XzGGamKhcw==",
      "requires": {
        "@volar/code-gen": "0.33.9",
        "@volar/pug-language-service": "0.33.9",
        "@volar/source-map": "0.33.9",
        "@volar/vue-code-gen": "0.33.9",
        "@vue/compiler-sfc": "^3.2.27",
        "@vue/reactivity": "^3.2.27"
      }
    },
    "@vue/compiler-core": {
      "version": "3.2.36",
      "resolved": "http://npm.wemomo.com/@vue%2fcompiler-core/-/compiler-core-3.2.36.tgz",
      "integrity": "sha512-bbyZM5hvBicv0PW3KUfVi+x3ylHnfKG7DOn5wM+f2OztTzTjLEyBb/5yrarIYpmnGitVGbjZqDbODyW4iK8hqw==",
      "requires": {
        "@babel/parser": "^7.16.4",
        "@vue/shared": "3.2.36",
        "estree-walker": "^2.0.2",
        "source-map": "^0.6.1"
      }
    },
    "@vue/compiler-dom": {
      "version": "3.2.36",
      "resolved": "http://npm.wemomo.com/@vue%2fcompiler-dom/-/compiler-dom-3.2.36.tgz",
      "integrity": "sha512-tcOTAOiW4s24QLnq+ON6J+GRONXJ+A/mqKCORi0LSlIh8XQlNnlm24y8xIL8la+ZDgkdbjarQ9ZqYSvEja6gVA==",
      "requires": {
        "@vue/compiler-core": "3.2.36",
        "@vue/shared": "3.2.36"
      }
    },
    "@vue/compiler-sfc": {
      "version": "3.2.36",
      "resolved": "http://npm.wemomo.com/@vue%2fcompiler-sfc/-/compiler-sfc-3.2.36.tgz",
      "integrity": "sha512-AvGb4bTj4W8uQ4BqaSxo7UwTEqX5utdRSMyHy58OragWlt8nEACQ9mIeQh3K4di4/SX+41+pJrLIY01lHAOFOA==",
      "requires": {
        "@babel/parser": "^7.16.4",
        "@vue/compiler-core": "3.2.36",
        "@vue/compiler-dom": "3.2.36",
        "@vue/compiler-ssr": "3.2.36",
        "@vue/reactivity-transform": "3.2.36",
        "@vue/shared": "3.2.36",
        "estree-walker": "^2.0.2",
        "magic-string": "^0.25.7",
        "postcss": "^8.1.10",
        "source-map": "^0.6.1"
      }
    },
    "@vue/compiler-ssr": {
      "version": "3.2.36",
      "resolved": "http://npm.wemomo.com/@vue%2fcompiler-ssr/-/compiler-ssr-3.2.36.tgz",
      "integrity": "sha512-+KugInUFRvOxEdLkZwE+W43BqHyhBh0jpYXhmqw1xGq2dmE6J9eZ8UUSOKNhdHtQ/iNLWWeK/wPZkVLUf3YGaw==",
      "requires": {
        "@vue/compiler-dom": "3.2.36",
        "@vue/shared": "3.2.36"
      }
    },
    "@vue/reactivity": {
      "version": "3.2.36",
      "resolved": "http://npm.wemomo.com/@vue%2freactivity/-/reactivity-3.2.36.tgz",
      "integrity": "sha512-c2qvopo0crh9A4GXi2/2kfGYMxsJW4tVILrqRPydVGZHhq0fnzy6qmclWOhBFckEhmyxmpHpdJtIRYGeKcuhnA==",
      "requires": {
        "@vue/shared": "3.2.36"
      }
    },
    "@vue/reactivity-transform": {
      "version": "3.2.36",
      "resolved": "http://npm.wemomo.com/@vue%2freactivity-transform/-/reactivity-transform-3.2.36.tgz",
      "integrity": "sha512-Jk5o2BhpODC9XTA7o4EL8hSJ4JyrFWErLtClG3NH8wDS7ri9jBDWxI7/549T7JY9uilKsaNM+4pJASLj5dtRwA==",
      "requires": {
        "@babel/parser": "^7.16.4",
        "@vue/compiler-core": "3.2.36",
        "@vue/shared": "3.2.36",
        "estree-walker": "^2.0.2",
        "magic-string": "^0.25.7"
      }
    },
    "@vue/shared": {
      "version": "3.2.36",
      "resolved": "http://npm.wemomo.com/@vue%2fshared/-/shared-3.2.36.tgz",
      "integrity": "sha512-JtB41wXl7Au3+Nl3gD16Cfpj7k/6aCroZ6BbOiCMFCMvrOpkg/qQUXTso2XowaNqBbnkuGHurLAqkLBxNGc1hQ=="
    },
    "acorn": {
      "version": "7.4.1",
      "resolved": "http://npm.wemomo.com/acorn/-/acorn-7.4.1.tgz",
      "integrity": "sha1-/q7SVZc9LndVW4PbwIhRpsY1IPo="
    },
    "call-bind": {
      "version": "1.0.2",
      "resolved": "http://npm.wemomo.com/call-bind/-/call-bind-1.0.2.tgz",
      "integrity": "sha1-sdTonmiBGcPJqQOtMKuy9qkZvjw=",
      "requires": {
        "function-bind": "^1.1.1",
        "get-intrinsic": "^1.0.2"
      }
    },
    "camera-controls": {
      "version": "1.34.4",
      "resolved": "http://npm.wemomo.com/camera-controls/-/camera-controls-1.34.4.tgz",
      "integrity": "sha512-TkFxanWqzGBdtJkBrcYjmdolLfVMo59ZhHzfKa4KTgvgujeFCd9rxpTCvjUlxWEQBKHe6whc2nqYb80qTM2P9Q=="
    },
    "cannon-es": {
      "version": "0.19.0",
      "resolved": "http://npm.wemomo.com/cannon-es/-/cannon-es-0.19.0.tgz",
      "integrity": "sha512-fu9UXrjFmAQXq3JyBVPbtyc53suX+QHzikZEJykxroVNnIx1xHq0jZenK8qwhdwbBAtDL9n/47TyPELuSQwZuA=="
    },
    "character-parser": {
      "version": "2.2.0",
      "resolved": "http://npm.wemomo.com/character-parser/-/character-parser-2.2.0.tgz",
      "integrity": "sha1-x84o821LzZdE5f/CxfzeHHMmH8A=",
      "requires": {
        "is-regex": "^1.0.3"
      }
    },
    "dat.gui": {
      "version": "0.7.9",
      "resolved": "http://npm.wemomo.com/dat.gui/-/dat.gui-0.7.9.tgz",
      "integrity": "sha512-sCNc1OHobc+Erc1HqiswYgHdVNpSJUlk/Hz8vzOCsER7rl+oF/4+v8GXFUyCgtXpoCX6+bnmg07DedLvBLwYKQ=="
    },
    "earcut": {
      "version": "2.2.3",
      "resolved": "http://npm.wemomo.com/earcut/-/earcut-2.2.3.tgz",
      "integrity": "sha1-1EztL/WhiFlWjjJ92cfUaxb1XPQ="
    },
    "esbuild": {
      "version": "0.14.42",
      "resolved": "http://npm.wemomo.com/esbuild/-/esbuild-0.14.42.tgz",
      "integrity": "sha512-V0uPZotCEHokJdNqyozH6qsaQXqmZEOiZWrXnds/zaH/0SyrIayRXWRB98CENO73MIZ9T3HBIOsmds5twWtmgw==",
      "requires": {
        "esbuild-android-64": "0.14.42",
        "esbuild-android-arm64": "0.14.42",
        "esbuild-darwin-64": "0.14.42",
        "esbuild-darwin-arm64": "0.14.42",
        "esbuild-freebsd-64": "0.14.42",
        "esbuild-freebsd-arm64": "0.14.42",
        "esbuild-linux-32": "0.14.42",
        "esbuild-linux-64": "0.14.42",
        "esbuild-linux-arm": "0.14.42",
        "esbuild-linux-arm64": "0.14.42",
        "esbuild-linux-mips64le": "0.14.42",
        "esbuild-linux-ppc64le": "0.14.42",
        "esbuild-linux-riscv64": "0.14.42",
        "esbuild-linux-s390x": "0.14.42",
        "esbuild-netbsd-64": "0.14.42",
        "esbuild-openbsd-64": "0.14.42",
        "esbuild-sunos-64": "0.14.42",
        "esbuild-windows-32": "0.14.42",
        "esbuild-windows-64": "0.14.42",
        "esbuild-windows-arm64": "0.14.42"
      }
    },
    "esbuild-android-64": {
      "version": "0.14.42",
      "resolved": "http://npm.wemomo.com/esbuild-android-64/-/esbuild-android-64-0.14.42.tgz",
      "integrity": "sha512-P4Y36VUtRhK/zivqGVMqhptSrFILAGlYp0Z8r9UQqHJ3iWztRCNWnlBzD9HRx0DbueXikzOiwyOri+ojAFfW6A==",
      "optional": true
    },
    "esbuild-android-arm64": {
      "version": "0.14.42",
      "resolved": "http://npm.wemomo.com/esbuild-android-arm64/-/esbuild-android-arm64-0.14.42.tgz",
      "integrity": "sha512-0cOqCubq+RWScPqvtQdjXG3Czb3AWI2CaKw3HeXry2eoA2rrPr85HF7IpdU26UWdBXgPYtlTN1LUiuXbboROhg==",
      "optional": true
    },
    "esbuild-darwin-64": {
      "version": "0.14.42",
      "resolved": "http://npm.wemomo.com/esbuild-darwin-64/-/esbuild-darwin-64-0.14.42.tgz",
      "integrity": "sha512-ipiBdCA3ZjYgRfRLdQwP82rTiv/YVMtW36hTvAN5ZKAIfxBOyPXY7Cejp3bMXWgzKD8B6O+zoMzh01GZsCuEIA==",
      "optional": true
    },
    "esbuild-darwin-arm64": {
      "version": "0.14.42",
      "resolved": "http://npm.wemomo.com/esbuild-darwin-arm64/-/esbuild-darwin-arm64-0.14.42.tgz",
      "integrity": "sha512-bU2tHRqTPOaoH/4m0zYHbFWpiYDmaA0gt90/3BMEFaM0PqVK/a6MA2V/ypV5PO0v8QxN6gH5hBPY4YJ2lopXgA==",
      "optional": true
    },
    "esbuild-freebsd-64": {
      "version": "0.14.42",
      "resolved": "http://npm.wemomo.com/esbuild-freebsd-64/-/esbuild-freebsd-64-0.14.42.tgz",
      "integrity": "sha512-75h1+22Ivy07+QvxHyhVqOdekupiTZVLN1PMwCDonAqyXd8TVNJfIRFrdL8QmSJrOJJ5h8H1I9ETyl2L8LQDaw==",
      "optional": true
    },
    "esbuild-freebsd-arm64": {
      "version": "0.14.42",
      "resolved": "http://npm.wemomo.com/esbuild-freebsd-arm64/-/esbuild-freebsd-arm64-0.14.42.tgz",
      "integrity": "sha512-W6Jebeu5TTDQMJUJVarEzRU9LlKpNkPBbjqSu+GUPTHDCly5zZEQq9uHkmHHl7OKm+mQ2zFySN83nmfCeZCyNA==",
      "optional": true
    },
    "esbuild-linux-32": {
      "version": "0.14.42",
      "resolved": "http://npm.wemomo.com/esbuild-linux-32/-/esbuild-linux-32-0.14.42.tgz",
      "integrity": "sha512-Ooy/Bj+mJ1z4jlWcK5Dl6SlPlCgQB9zg1UrTCeY8XagvuWZ4qGPyYEWGkT94HUsRi2hKsXvcs6ThTOjBaJSMfg==",
      "optional": true
    },
    "esbuild-linux-64": {
      "version": "0.14.42",
      "resolved": "http://npm.wemomo.com/esbuild-linux-64/-/esbuild-linux-64-0.14.42.tgz",
      "integrity": "sha512-2L0HbzQfbTuemUWfVqNIjOfaTRt9zsvjnme6lnr7/MO9toz/MJ5tZhjqrG6uDWDxhsaHI2/nsDgrv8uEEN2eoA==",
      "optional": true
    },
    "esbuild-linux-arm": {
      "version": "0.14.42",
      "resolved": "http://npm.wemomo.com/esbuild-linux-arm/-/esbuild-linux-arm-0.14.42.tgz",
      "integrity": "sha512-STq69yzCMhdRaWnh29UYrLSr/qaWMm/KqwaRF1pMEK7kDiagaXhSL1zQGXbYv94GuGY/zAwzK98+6idCMUOOCg==",
      "optional": true
    },
    "esbuild-linux-arm64": {
      "version": "0.14.42",
      "resolved": "http://npm.wemomo.com/esbuild-linux-arm64/-/esbuild-linux-arm64-0.14.42.tgz",
      "integrity": "sha512-c3Ug3e9JpVr8jAcfbhirtpBauLxzYPpycjWulD71CF6ZSY26tvzmXMJYooQ2YKqDY4e/fPu5K8bm7MiXMnyxuA==",
      "optional": true
    },
    "esbuild-linux-mips64le": {
      "version": "0.14.42",
      "resolved": "http://npm.wemomo.com/esbuild-linux-mips64le/-/esbuild-linux-mips64le-0.14.42.tgz",
      "integrity": "sha512-QuvpHGbYlkyXWf2cGm51LBCHx6eUakjaSrRpUqhPwjh/uvNUYvLmz2LgPTTPwCqaKt0iwL+OGVL0tXA5aDbAbg==",
      "optional": true
    },
    "esbuild-linux-ppc64le": {
      "version": "0.14.42",
      "resolved": "http://npm.wemomo.com/esbuild-linux-ppc64le/-/esbuild-linux-ppc64le-0.14.42.tgz",
      "integrity": "sha512-8ohIVIWDbDT+i7lCx44YCyIRrOW1MYlks9fxTo0ME2LS/fxxdoJBwHWzaDYhjvf8kNpA+MInZvyOEAGoVDrMHg==",
      "optional": true
    },
    "esbuild-linux-riscv64": {
      "version": "0.14.42",
      "resolved": "http://npm.wemomo.com/esbuild-linux-riscv64/-/esbuild-linux-riscv64-0.14.42.tgz",
      "integrity": "sha512-DzDqK3TuoXktPyG1Lwx7vhaF49Onv3eR61KwQyxYo4y5UKTpL3NmuarHSIaSVlTFDDpcIajCDwz5/uwKLLgKiQ==",
      "optional": true
    },
    "esbuild-linux-s390x": {
      "version": "0.14.42",
      "resolved": "http://npm.wemomo.com/esbuild-linux-s390x/-/esbuild-linux-s390x-0.14.42.tgz",
      "integrity": "sha512-YFRhPCxl8nb//Wn6SiS5pmtplBi4z9yC2gLrYoYI/tvwuB1jldir9r7JwAGy1Ck4D7sE7wBN9GFtUUX/DLdcEQ==",
      "optional": true
    },
    "esbuild-netbsd-64": {
      "version": "0.14.42",
      "resolved": "http://npm.wemomo.com/esbuild-netbsd-64/-/esbuild-netbsd-64-0.14.42.tgz",
      "integrity": "sha512-QYSD2k+oT9dqB/4eEM9c+7KyNYsIPgzYOSrmfNGDIyJrbT1d+CFVKvnKahDKNJLfOYj8N4MgyFaU9/Ytc6w5Vw==",
      "optional": true
    },
    "esbuild-openbsd-64": {
      "version": "0.14.42",
      "resolved": "http://npm.wemomo.com/esbuild-openbsd-64/-/esbuild-openbsd-64-0.14.42.tgz",
      "integrity": "sha512-M2meNVIKWsm2HMY7+TU9AxM7ZVwI9havdsw6m/6EzdXysyCFFSoaTQ/Jg03izjCsK17FsVRHqRe26Llj6x0MNA==",
      "optional": true
    },
    "esbuild-sunos-64": {
      "version": "0.14.42",
      "resolved": "http://npm.wemomo.com/esbuild-sunos-64/-/esbuild-sunos-64-0.14.42.tgz",
      "integrity": "sha512-uXV8TAZEw36DkgW8Ak3MpSJs1ofBb3Smkc/6pZ29sCAN1KzCAQzsje4sUwugf+FVicrHvlamCOlFZIXgct+iqQ==",
      "optional": true
    },
    "esbuild-windows-32": {
      "version": "0.14.42",
      "resolved": "http://npm.wemomo.com/esbuild-windows-32/-/esbuild-windows-32-0.14.42.tgz",
      "integrity": "sha512-4iw/8qWmRICWi9ZOnJJf9sYt6wmtp3hsN4TdI5NqgjfOkBVMxNdM9Vt3626G1Rda9ya2Q0hjQRD9W1o+m6Lz6g==",
      "optional": true
    },
    "esbuild-windows-64": {
      "version": "0.14.42",
      "resolved": "http://npm.wemomo.com/esbuild-windows-64/-/esbuild-windows-64-0.14.42.tgz",
      "integrity": "sha512-j3cdK+Y3+a5H0wHKmLGTJcq0+/2mMBHPWkItR3vytp/aUGD/ua/t2BLdfBIzbNN9nLCRL9sywCRpOpFMx3CxzA==",
      "optional": true
    },
    "esbuild-windows-arm64": {
      "version": "0.14.42",
      "resolved": "http://npm.wemomo.com/esbuild-windows-arm64/-/esbuild-windows-arm64-0.14.42.tgz",
      "integrity": "sha512-+lRAARnF+hf8J0mN27ujO+VbhPbDqJ8rCcJKye4y7YZLV6C4n3pTRThAb388k/zqF5uM0lS5O201u0OqoWSicw==",
      "optional": true
    },
    "estree-walker": {
      "version": "2.0.2",
      "resolved": "http://npm.wemomo.com/estree-walker/-/estree-walker-2.0.2.tgz",
      "integrity": "sha1-UvAQF4wqTBF6d1fP6UKtt9LaTKw="
    },
    "fsevents": {
      "version": "2.3.2",
      "resolved": "http://npm.wemomo.com/fsevents/-/fsevents-2.3.2.tgz",
      "integrity": "sha1-ilJveLj99GI7cJ4Ll1xSwkwC/Ro=",
      "optional": true
    },
    "function-bind": {
      "version": "1.1.1",
      "resolved": "http://npm.wemomo.com/function-bind/-/function-bind-1.1.1.tgz",
      "integrity": "sha1-pWiZ0+o8m6uHS7l3O3xe3pL0iV0="
    },
    "get-intrinsic": {
      "version": "1.1.1",
      "resolved": "http://npm.wemomo.com/get-intrinsic/-/get-intrinsic-1.1.1.tgz",
      "integrity": "sha1-FfWfN2+FXERpY5SPDSTNNje0q8Y=",
      "requires": {
        "function-bind": "^1.1.1",
        "has": "^1.0.3",
        "has-symbols": "^1.0.1"
      }
    },
    "gsap": {
      "version": "3.10.4",
      "resolved": "http://npm.wemomo.com/gsap/-/gsap-3.10.4.tgz",
      "integrity": "sha512-6QatdkKxXCMfvCW4rM++0RqyLQAzFX5nwl3yHS0XPgkZBkiSEY3VZVbMltrdtsbER/xZonLtyHt684wRp4erlQ=="
    },
    "has": {
      "version": "1.0.3",
      "resolved": "http://npm.wemomo.com/has/-/has-1.0.3.tgz",
      "integrity": "sha1-ci18v8H2qoJB8W3YFOAR4fQeh5Y=",
      "requires": {
        "function-bind": "^1.1.1"
      }
    },
    "has-symbols": {
      "version": "1.0.3",
      "resolved": "http://npm.wemomo.com/has-symbols/-/has-symbols-1.0.3.tgz",
      "integrity": "sha512-l3LCuF6MgDNwTDKkdYGEihYjt5pRPbEg46rtlmnSPlUbgmB8LOIrKJbYYFBSbnPaJexMKtiPO8hmeRjRz2Td+A=="
    },
    "has-tostringtag": {
      "version": "1.0.0",
      "resolved": "http://npm.wemomo.com/has-tostringtag/-/has-tostringtag-1.0.0.tgz",
      "integrity": "sha1-fhM4GKfTlHNPlB5zw9P5KR5liyU=",
      "requires": {
        "has-symbols": "^1.0.2"
      }
    },
    "is-core-module": {
      "version": "2.9.0",
      "resolved": "http://npm.wemomo.com/is-core-module/-/is-core-module-2.9.0.tgz",
      "integrity": "sha512-+5FPy5PnwmO3lvfMb0AsoPaBG+5KHUI0wYFXOtYPnVVVspTFUuMZNfNaNVRt3FZadstu2c8x23vykRW/NBoU6A==",
      "requires": {
        "has": "^1.0.3"
      }
    },
    "is-expression": {
      "version": "4.0.0",
      "resolved": "http://npm.wemomo.com/is-expression/-/is-expression-4.0.0.tgz",
      "integrity": "sha1-wzFVliq/IdCv0lUlFNZ9LsFv0qs=",
      "requires": {
        "acorn": "^7.1.1",
        "object-assign": "^4.1.1"
      }
    },
    "is-regex": {
      "version": "1.1.4",
      "resolved": "http://npm.wemomo.com/is-regex/-/is-regex-1.1.4.tgz",
      "integrity": "sha1-7vVmPNWfpMCuM5UFMj32hUuxWVg=",
      "requires": {
        "call-bind": "^1.0.2",
        "has-tostringtag": "^1.0.0"
      }
    },
    "magic-string": {
      "version": "0.25.9",
      "resolved": "http://npm.wemomo.com/magic-string/-/magic-string-0.25.9.tgz",
      "integrity": "sha512-RmF0AsMzgt25qzqqLc1+MbHmhdx0ojF2Fvs4XnOqz2ZOBXzzkEwc/dJQZCYHAn7v1jbVOjAZfK8msRn4BxO4VQ==",
      "requires": {
        "sourcemap-codec": "^1.4.8"
      }
    },
    "nanoid": {
      "version": "3.3.4",
      "resolved": "http://npm.wemomo.com/nanoid/-/nanoid-3.3.4.tgz",
      "integrity": "sha512-MqBkQh/OHTS2egovRtLk45wEyNXwF+cokD+1YPf9u5VfJiRdAiRwB2froX5Co9Rh20xs4siNPm8naNotSD6RBw=="
    },
    "object-assign": {
      "version": "4.1.1",
      "resolved": "http://npm.wemomo.com/object-assign/-/object-assign-4.1.1.tgz",
      "integrity": "sha1-IQmtx5ZYh8/AXLvUQsrIv7s2CGM="
    },
    "path-data-parser": {
      "version": "0.1.0",
      "resolved": "http://npm.wemomo.com/path-data-parser/-/path-data-parser-0.1.0.tgz",
      "integrity": "sha1-j1ulzHD8e+yz3O+uoI4mWaumC4w="
    },
    "path-parse": {
      "version": "1.0.7",
      "resolved": "http://npm.wemomo.com/path-parse/-/path-parse-1.0.7.tgz",
      "integrity": "sha1-+8EUtgykKzDZ2vWFjkvWi77bZzU="
    },
    "picocolors": {
      "version": "1.0.0",
      "resolved": "http://npm.wemomo.com/picocolors/-/picocolors-1.0.0.tgz",
      "integrity": "sha1-y1vcdP8/UYkiNur3nWi8RFZKuBw="
    },
    "points-on-curve": {
      "version": "0.2.0",
      "resolved": "http://npm.wemomo.com/points-on-curve/-/points-on-curve-0.2.0.tgz",
      "integrity": "sha1-fbuYxDeRhZQ0KEdhMw+ok8uBtNE="
    },
    "points-on-path": {
      "version": "0.2.1",
      "resolved": "http://npm.wemomo.com/points-on-path/-/points-on-path-0.2.1.tgz",
      "integrity": "sha1-VTICtUJMU77TcTWzGIWOrP+F3VI=",
      "requires": {
        "path-data-parser": "0.1.0",
        "points-on-curve": "0.2.0"
      }
    },
    "postcss": {
      "version": "8.4.14",
      "resolved": "http://npm.wemomo.com/postcss/-/postcss-8.4.14.tgz",
      "integrity": "sha512-E398TUmfAYFPBSdzgeieK2Y1+1cpdxJx8yXbK/m57nRhKSmk1GB2tO4lbLBtlkfPQTDKfe4Xqv1ASWPpayPEig==",
      "requires": {
        "nanoid": "^3.3.4",
        "picocolors": "^1.0.0",
        "source-map-js": "^1.0.2"
      }
    },
    "pug-error": {
      "version": "2.0.0",
      "resolved": "http://npm.wemomo.com/pug-error/-/pug-error-2.0.0.tgz",
      "integrity": "sha1-XGIXPLCcNN4qLOBPF7it/sdNjKU="
    },
    "pug-lexer": {
      "version": "5.0.1",
      "resolved": "http://npm.wemomo.com/pug-lexer/-/pug-lexer-5.0.1.tgz",
      "integrity": "sha1-rkRijFvvmxkLZlaDsojKkCS4sNU=",
      "requires": {
        "character-parser": "^2.2.0",
        "is-expression": "^4.0.0",
        "pug-error": "^2.0.0"
      }
    },
    "pug-parser": {
      "version": "6.0.0",
      "resolved": "http://npm.wemomo.com/pug-parser/-/pug-parser-6.0.0.tgz",
      "integrity": "sha1-qP3ANYY6lbLB3F6/Ts+AtOdqEmA=",
      "requires": {
        "pug-error": "^2.0.0",
        "token-stream": "1.0.0"
      }
    },
    "resolve": {
      "version": "1.22.0",
      "resolved": "http://npm.wemomo.com/resolve/-/resolve-1.22.0.tgz",
      "integrity": "sha512-Hhtrw0nLeSrFQ7phPp4OOcVjLPIeMnRlr5mcnVuMe7M/7eBn98A3hmFRLoFo3DLZkivSYwhRUJTyPyWAk56WLw==",
      "requires": {
        "is-core-module": "^2.8.1",
        "path-parse": "^1.0.7",
        "supports-preserve-symlinks-flag": "^1.0.0"
      }
    },
    "rollup": {
      "version": "2.75.3",
      "resolved": "http://npm.wemomo.com/rollup/-/rollup-2.75.3.tgz",
      "integrity": "sha512-YA29fLU6MAYSaDxIQYrGGOcbXlDmG96h0krGGYObroezcQ0KgEPM3+7MtKD/qeuUbFuAJXvKZee5dA1dpwq1PQ==",
      "requires": {
        "fsevents": "~2.3.2"
      }
    },
    "roughjs": {
      "version": "4.5.2",
      "resolved": "http://npm.wemomo.com/roughjs/-/roughjs-4.5.2.tgz",
      "integrity": "sha512-2xSlLDKdsWyFxrveYWk9YQ/Y9UfK38EAMRNkYkMqYBJvPX8abCa9PN0x3w02H8Oa6/0bcZICJU+U95VumPqseg==",
      "requires": {
        "path-data-parser": "^0.1.0",
        "points-on-curve": "^0.2.0",
        "points-on-path": "^0.2.1"
      }
    },
    "source-map": {
      "version": "0.6.1",
      "resolved": "http://npm.wemomo.com/source-map/-/source-map-0.6.1.tgz",
      "integrity": "sha1-dHIq8y6WFOnCh6jQu95IteLxomM="
    },
    "source-map-js": {
      "version": "1.0.2",
      "resolved": "http://npm.wemomo.com/source-map-js/-/source-map-js-1.0.2.tgz",
      "integrity": "sha512-R0XvVJ9WusLiqTCEiGCmICCMplcCkIwwR11mOSD9CR5u+IXYdiseeEuXCVAjS54zqwkLcPNnmU4OeJ6tUrWhDw=="
    },
    "sourcemap-codec": {
      "version": "1.4.8",
      "resolved": "http://npm.wemomo.com/sourcemap-codec/-/sourcemap-codec-1.4.8.tgz",
      "integrity": "sha1-6oBL2UhXQC5pktBaOO8a41qatMQ="
    },
    "supports-preserve-symlinks-flag": {
      "version": "1.0.0",
      "resolved": "http://npm.wemomo.com/supports-preserve-symlinks-flag/-/supports-preserve-symlinks-flag-1.0.0.tgz",
      "integrity": "sha512-ot0WnXS9fgdkgIcePe6RHNk1WA8+muPa6cSjeR3V8K27q9BB1rTE3R1p7Hv0z1ZyAc8s6Vvv8DIyWf681MAt0w=="
    },
    "three": {
      "version": "0.141.0",
      "resolved": "http://npm.wemomo.com/three/-/three-0.141.0.tgz",
      "integrity": "sha512-JaSDAPWuk4RTzG5BYRQm8YZbERUxTfTDVouWgHMisS2to4E5fotMS9F2zPFNOIJyEFTTQDDKPpsgZVThKU3pXA=="
    },
    "token-stream": {
      "version": "1.0.0",
      "resolved": "http://npm.wemomo.com/token-stream/-/token-stream-1.0.0.tgz",
      "integrity": "sha1-zCAOqyYT9BZtJ/+a/HylbUnfbrQ="
    },
    "typescript": {
      "version": "4.7.2",
      "resolved": "http://npm.wemomo.com/typescript/-/typescript-4.7.2.tgz",
      "integrity": "sha512-Mamb1iX2FDUpcTRzltPxgWMKy3fhg0TN378ylbktPGPK/99KbDtMQ4W1hwgsbPAsG3a0xKa1vmw4VKZQbkvz5A=="
    },
    "upath": {
      "version": "2.0.1",
      "resolved": "http://npm.wemomo.com/upath/-/upath-2.0.1.tgz",
      "integrity": "sha1-UMc96mjW9rmQ9R0nnOYIFmXWGos="
    },
    "vite": {
      "version": "2.9.9",
      "resolved": "http://npm.wemomo.com/vite/-/vite-2.9.9.tgz",
      "integrity": "sha512-ffaam+NgHfbEmfw/Vuh6BHKKlI/XIAhxE5QSS7gFLIngxg171mg1P3a4LSRME0z2ZU1ScxoKzphkipcYwSD5Ew==",
      "requires": {
        "esbuild": "^0.14.27",
        "fsevents": "~2.3.2",
        "postcss": "^8.4.13",
        "resolve": "^1.22.0",
        "rollup": "^2.59.0"
      }
    },
    "vscode-jsonrpc": {
      "version": "8.0.1",
      "resolved": "http://npm.wemomo.com/vscode-jsonrpc/-/vscode-jsonrpc-8.0.1.tgz",
      "integrity": "sha512-N/WKvghIajmEvXpatSzvTvOIz61ZSmOSa4BRA4pTLi+1+jozquQKP/MkaylP9iB68k73Oua1feLQvH3xQuigiQ=="
    },
    "vscode-languageserver-textdocument": {
      "version": "1.0.4",
      "resolved": "http://npm.wemomo.com/vscode-languageserver-textdocument/-/vscode-languageserver-textdocument-1.0.4.tgz",
      "integrity": "sha512-/xhqXP/2A2RSs+J8JNXpiiNVvvNM0oTosNVmQnunlKvq9o4mupHOBAnnzH0lwIPKazXKvAKsVp1kr+H/K4lgoQ=="
    },
    "vscode-languageserver-types": {
      "version": "3.17.1",
      "resolved": "http://npm.wemomo.com/vscode-languageserver-types/-/vscode-languageserver-types-3.17.1.tgz",
      "integrity": "sha512-K3HqVRPElLZVVPtMeKlsyL9aK0GxGQpvtAUTfX4k7+iJ4mc1M+JM+zQwkgGy2LzY0f0IAafe8MKqIkJrxfGGjQ=="
    },
    "vscode-uri": {
      "version": "3.0.3",
      "resolved": "http://npm.wemomo.com/vscode-uri/-/vscode-uri-3.0.3.tgz",
      "integrity": "sha512-EcswR2S8bpR7fD0YPeS7r2xXExrScVMxg4MedACaWHEtx9ftCF/qHG1xGkolzTPcEmjTavCQgbVzHUIdTMzFGA=="
    },
    "vue-tsc": {
      "version": "0.33.9",
      "resolved": "http://npm.wemomo.com/vue-tsc/-/vue-tsc-0.33.9.tgz",
      "integrity": "sha512-s/+r4JNsCh4e3MUdsYrjEA8IgPPDzHL5kEah/OznxIHd1XMlYiIkXGdiyU6JE5J+lzXNOKdOlNliqwwpeETQWw==",
      "requires": {
        "@volar/vue-typescript": "0.33.9"
      }
    }
  }
}
